
Microsoft Visual Studio Solution File, Format Version 12.00
# Visual Studio 15
VisualStudioVersion = 15.0.28307.539
MinimumVisualStudioVersion = 10.0.40219.1
Project("{8BC9CEB8-8B4A-11D0-8D11-00A0C91BC942}") = "SAPA", "SAPA\SAPA.vcxproj", "{1FC15F89-AFFC-46EE-81C9-60FF3EB1EC1D}"
EndProject
Global
	GlobalSection(SolutionConfigurationPlatforms) = preSolution
		Debug|x64 = Debug|x64
		Debug|x86 = Debug|x86
		Release|x64 = Release|x64
		Release|x86 = Release|x86
	EndGlobalSection
	GlobalSection(ProjectConfigurationPlatforms) = postSolution
		{1FC15F89-AFFC-46EE-81C9-60FF3EB1EC1D}.Debug|x64.ActiveCfg = Debug|x64
		{1FC15F89-AFFC-46EE-81C9-60FF3EB1EC1D}.Debug|x64.Build.0 = Debug|x64
		{1FC15F89-AFFC-46EE-81C9-60FF3EB1EC1D}.Debug|x86.ActiveCfg = Debug|Win32
		{1FC15F89-AFFC-46EE-81C9-60FF3EB1EC1D}.Debug|x86.Build.0 = Debug|Win32
		{1FC15F89-AFFC-46EE-81C9-60FF3EB1EC1D}.Release|x64.ActiveCfg = Release|x64
		{1FC15F89-AFFC-46EE-81C9-60FF3EB1EC1D}.Release|x64.Build.0 = Release|x64
		{1FC15F89-AFFC-46EE-81C9-60FF3EB1EC1D}.Release|x86.ActiveCfg = Release|Win32
		{1FC15F89-AFFC-46EE-81C9-60FF3EB1EC1D}.Release|x86.Build.0 = Release|Win32
	EndGlobalSection
	GlobalSection(SolutionProperties) = preSolution
		HideSolutionNode = FALSE
	EndGlobalSection
	GlobalSection(ExtensibilityGlobals) = postSolution
		SolutionGuid = {B403FD37-F0A7-493F-A2A9-22A4400331BF}
	EndGlobalSection
EndGlobal
